
Microsoft Visual Studio Solution File, Format Version 12.00
# Visual Studio Version 17
VisualStudioVersion = 17.3.32929.385
MinimumVisualStudioVersion = 10.0.40219.1
Project("{FAE04EC0-301F-11D3-BF4B-00C04F79EFBC}") = "Excersise_Linked_List_D", "Excersise_Linked_List_D\Excersise_Linked_List_D.csproj", "{D0008B90-95FD-4CE0-AEEE-8AB418A8D7B6}"
EndProject
Global
	GlobalSection(SolutionConfigurationPlatforms) = preSolution
		Debug|Any CPU = Debug|Any CPU
		Release|Any CPU = Release|Any CPU
	EndGlobalSection
	GlobalSection(ProjectConfigurationPlatforms) = postSolution
		{D0008B90-95FD-4CE0-AEEE-8AB418A8D7B6}.Debug|Any CPU.ActiveCfg = Debug|Any CPU
		{D0008B90-95FD-4CE0-AEEE-8AB418A8D7B6}.Debug|Any CPU.Build.0 = Debug|Any CPU
		{D0008B90-95FD-4CE0-AEEE-8AB418A8D7B6}.Release|Any CPU.ActiveCfg = Release|Any CPU
		{D0008B90-95FD-4CE0-AEEE-8AB418A8D7B6}.Release|Any CPU.Build.0 = Release|Any CPU
	EndGlobalSection
	GlobalSection(SolutionProperties) = preSolution
		HideSolutionNode = FALSE
	EndGlobalSection
	GlobalSection(ExtensibilityGlobals) = postSolution
		SolutionGuid = {E9EE2DF9-ADF7-492A-AECA-387B38285D99}
	EndGlobalSection
EndGlobal
